# This file is autogenerated, do not edit; changes may be undone by the next 'dep ensure'.


[[projects]]
  name = "github.com/Sirupsen/logrus"
  packages = ["."]
  revision = "85b1699d505667d13f8ac4478c1debbf85d6c5de"

[[projects]]
  name = "github.com/alexedwards/scs"
  packages = [
    "engine/memstore",
    "session"
  ]
  revision = "f36d272d74ecae3d61058d91dc7401715b044ca1"
  version = "v0.1.0"

[[projects]]
  name = "github.com/gorilla/context"
  packages = ["."]
  revision = "08b5f424b9271eedf6f9f0ce86cb9396ed337a42"
  version = "v1.1.1"

[[projects]]
  name = "github.com/gorilla/mux"
  packages = ["."]
  revision = "18fca31550181693b3a834a15b74b564b3605876"

[[projects]]
  name = "github.com/gorilla/securecookie"
  packages = ["."]
  revision = "e59506cc896acb7f7bf732d4fdf5e25f7ccd8983"
  version = "v1.1.1"

[[projects]]
  name = "github.com/gorilla/sessions"
  packages = ["."]
  revision = "03b6f63cc43ef9c7240a635a5e22b13180e822b8"
  version = "v1.1.1"

[[projects]]
  name = "github.com/patrickmn/go-cache"
  packages = ["."]
  revision = "7ac151875ffb48b9f3ccce9ea20f020b0c1596c8"

[[projects]]
  name = "github.com/pkg/errors"
  packages = ["."]
  revision = "c605e284fe17294bda444b34710735b29d1a9d90"

[[projects]]
  name = "golang.org/x/sys"
  packages = ["unix"]
  revision = "0b25a408a50076fbbcae6b7ac0ea5fbb0b085e79"

[solve-meta]
  analyzer-name = "dep"
  analyzer-version = 1
  inputs-digest = "ab5f9032a8d24c7b5bbef9fc1f320c8b1c75306cc69f7071d7732f0398057df5"
  solver-name = "gps-cdcl"
  solver-version = 1
